{
  "nodes": {
    "agenix": {
      "inputs": {
        "darwin": [],
        "home-manager": [
          "home-manager"
        ],
        "nixpkgs": [
          "nixpkgs"
        ]
      },
      "locked": {
        "lastModified": 1684153753,
        "narHash": "sha256-PVbWt3qrjYAK+T5KplFcO+h7aZWfEj1UtyoKlvcDxh0=",
        "owner": "ryantm",
        "repo": "agenix",
        "rev": "db5637d10f797bb251b94ef9040b237f4702cde3",
        "type": "github"
      },
      "original": {
        "owner": "ryantm",
        "repo": "agenix",
        "type": "github"
      }
    },
    "blog": {
      "inputs": {
        "nixpkgs": "nixpkgs",
        "utils": "utils"
      },
      "locked": {
        "lastModified": 1642865810,
        "narHash": "sha256-sjFDOazMfNVvmqonePx+e5RqYc1hb4LmKp8+grjEB7g=",
        "owner": "tudurom",
        "repo": "blog",
        "rev": "df94659d5db5ad5980fe5347292f3f10cae6ca77",
        "type": "github"
      },
      "original": {
        "owner": "tudurom",
        "repo": "blog",
        "type": "github"
      }
    },
    "co-work": {
      "inputs": {
        "nixpkgs": "nixpkgs_2",
        "utils": "utils_2"
      },
      "locked": {
        "lastModified": 1653679518,
        "narHash": "sha256-DWrxMilNdFHWJxvIVaM+49eAuld91BRfcVC6TCHeL2I=",
        "ref": "refs/heads/master",
        "rev": "158ffbd94baae1796273a36dbb3bbcd190cb5757",
        "revCount": 28,
        "type": "git",
        "url": "ssh://git@github.com/tudurom/co-work.git"
      },
      "original": {
        "type": "git",
        "url": "ssh://git@github.com/tudurom/co-work.git"
      }
    },
    "deploy-rs": {
      "inputs": {
        "flake-compat": "flake-compat",
        "nixpkgs": [
          "nixpkgs"
        ],
        "utils": "utils_3"
      },
      "locked": {
        "lastModified": 1683779844,
        "narHash": "sha256-sIeOU0GsCeQEn5TpqE/jFRN4EGsPsjqVRsPdrzIDABM=",
        "owner": "serokell",
        "repo": "deploy-rs",
        "rev": "c80189917086e43d49eece2bd86f56813500a0eb",
        "type": "github"
      },
      "original": {
        "owner": "serokell",
        "repo": "deploy-rs",
        "type": "github"
      }
    },
    "flake-compat": {
      "flake": false,
      "locked": {
        "lastModified": 1668681692,
        "narHash": "sha256-Ht91NGdewz8IQLtWZ9LCeNXMSXHUss+9COoqu6JLmXU=",
        "owner": "edolstra",
        "repo": "flake-compat",
        "rev": "009399224d5e398d03b22badca40a37ac85412a1",
        "type": "github"
      },
      "original": {
        "owner": "edolstra",
        "repo": "flake-compat",
        "type": "github"
      }
    },
    "flake-compat_2": {
      "flake": false,
      "locked": {
        "lastModified": 1673956053,
        "narHash": "sha256-4gtG9iQuiKITOjNQQeQIpoIB6b16fm+504Ch3sNKLd8=",
        "owner": "edolstra",
        "repo": "flake-compat",
        "rev": "35bb57c0c8d8b62bbfd284272c928ceb64ddbde9",
        "type": "github"
      },
      "original": {
        "owner": "edolstra",
        "repo": "flake-compat",
        "type": "github"
      }
    },
    "flake-compat_3": {
      "flake": false,
      "locked": {
        "lastModified": 1673956053,
        "narHash": "sha256-4gtG9iQuiKITOjNQQeQIpoIB6b16fm+504Ch3sNKLd8=",
        "owner": "edolstra",
        "repo": "flake-compat",
        "rev": "35bb57c0c8d8b62bbfd284272c928ceb64ddbde9",
        "type": "github"
      },
      "original": {
        "owner": "edolstra",
        "repo": "flake-compat",
        "type": "github"
      }
    },
    "flake-utils": {
      "inputs": {
        "systems": "systems"
      },
      "locked": {
        "lastModified": 1681202837,
        "narHash": "sha256-H+Rh19JDwRtpVPAWp64F+rlEtxUWBAQW28eAi3SRSzg=",
        "owner": "numtide",
        "repo": "flake-utils",
        "rev": "cfacdce06f30d2b68473a46042957675eebb3401",
        "type": "github"
      },
      "original": {
        "owner": "numtide",
        "repo": "flake-utils",
        "type": "github"
      }
    },
    "home-manager": {
      "inputs": {
        "nixpkgs": [
          "nixpkgs"
        ]
      },
      "locked": {
        "lastModified": 1685599623,
        "narHash": "sha256-Tob4CMOVHue0D3RzguDBCtUmX5ji2PsdbQDbIOIKvsc=",
        "owner": "rycee",
        "repo": "home-manager",
        "rev": "93db05480c0c0f30382d3e80779e8386dcb4f9dd",
        "type": "github"
      },
      "original": {
        "owner": "rycee",
        "ref": "release-23.05",
        "repo": "home-manager",
        "type": "github"
      }
    },
    "nixos-hardware": {
      "locked": {
        "lastModified": 1684899633,
        "narHash": "sha256-NtwerXX8UFsoNy6k+DukJMriWtEjQtMU/Urbff2O2Dg=",
        "owner": "NixOS",
        "repo": "nixos-hardware",
        "rev": "4cc688ee711159b9bcb5a367be44007934e1a49d",
        "type": "github"
      },
      "original": {
        "owner": "NixOS",
        "ref": "master",
        "repo": "nixos-hardware",
        "type": "github"
      }
    },
    "nixos-wsl": {
      "inputs": {
        "flake-compat": "flake-compat_3",
        "flake-utils": "flake-utils",
        "nixpkgs": [
          "nixpkgs"
        ]
      },
      "locked": {
        "lastModified": 1682982995,
        "narHash": "sha256-PK0pSY48JkcLDFphafjpLqeTDs0XUqGMHjsiNuEq5s0=",
        "owner": "nix-community",
        "repo": "NixOS-WSL",
        "rev": "c5d7db84c422be515dac8fc26420900c349374e8",
        "type": "github"
      },
      "original": {
        "owner": "nix-community",
        "repo": "NixOS-WSL",
        "type": "github"
      }
    },
    "nixpkgs": {
      "locked": {
        "lastModified": 1642707142,
        "narHash": "sha256-BzH6xhnkn52yF4+A8C8slWFQRMInS5VYlzrH/rN1bnA=",
        "owner": "nixos",
        "repo": "nixpkgs",
        "rev": "6f07605b6916abee5435ea1145a7541299a87c1b",
        "type": "github"
      },
      "original": {
        "owner": "nixos",
        "ref": "nixos-21.11",
        "repo": "nixpkgs",
        "type": "github"
      }
    },
    "nixpkgs_2": {
      "locked": {
        "lastModified": 1645563607,
        "narHash": "sha256-5eeld8IXF8c9HsdFTpppiZ398PRqyWCfIXTBpzaZwjc=",
        "owner": "nixos",
        "repo": "nixpkgs",
        "rev": "c99d2a0b6e3807f5c5ddcfc136398be3ab950bac",
        "type": "github"
      },
      "original": {
        "owner": "nixos",
        "ref": "nixos-21.11",
        "repo": "nixpkgs",
        "type": "github"
      }
    },
    "nixpkgs_3": {
      "locked": {
        "lastModified": 1685533922,
        "narHash": "sha256-y4FCQpYafMQ42l1V+NUrMel9RtFtZo59PzdzflKR/lo=",
        "owner": "nixos",
        "repo": "nixpkgs",
        "rev": "3a70dd92993182f8e514700ccf5b1ae9fc8a3b8d",
        "type": "github"
      },
      "original": {
        "owner": "nixos",
        "ref": "nixos-23.05",
        "repo": "nixpkgs",
        "type": "github"
      }
    },
    "nixpkgs_4": {
      "locked": {
        "lastModified": 1642707142,
        "narHash": "sha256-BzH6xhnkn52yF4+A8C8slWFQRMInS5VYlzrH/rN1bnA=",
        "owner": "nixos",
        "repo": "nixpkgs",
        "rev": "6f07605b6916abee5435ea1145a7541299a87c1b",
        "type": "github"
      },
      "original": {
        "owner": "nixos",
        "ref": "nixos-21.11",
        "repo": "nixpkgs",
        "type": "github"
      }
    },
    "nixpkgs_5": {
      "locked": {
        "lastModified": 1642707142,
        "narHash": "sha256-BzH6xhnkn52yF4+A8C8slWFQRMInS5VYlzrH/rN1bnA=",
        "owner": "nixos",
        "repo": "nixpkgs",
        "rev": "6f07605b6916abee5435ea1145a7541299a87c1b",
        "type": "github"
      },
      "original": {
        "owner": "nixos",
        "ref": "nixos-21.11",
        "repo": "nixpkgs",
        "type": "github"
      }
    },
    "orator": {
      "inputs": {
        "nixpkgs": "nixpkgs_5",
        "utils": "utils_4"
      },
      "locked": {
        "lastModified": 1642864580,
        "narHash": "sha256-6MBWBlyosTYPgmcBrKjO68KpR2jokMju+WhXnfZmGTg=",
        "owner": "tudurom",
        "repo": "orator",
        "rev": "d34158a34ea4f36d67182e39ed084af224daf854",
        "type": "github"
      },
      "original": {
        "owner": "tudurom",
        "repo": "orator",
        "type": "github"
      }
    },
    "root": {
      "inputs": {
        "agenix": "agenix",
        "blog": "blog",
        "co-work": "co-work",
        "deploy-rs": "deploy-rs",
        "flake-compat": "flake-compat_2",
        "home-manager": "home-manager",
        "nixos-hardware": "nixos-hardware",
        "nixos-wsl": "nixos-wsl",
        "nixpkgs": "nixpkgs_3",
        "site": "site",
        "unstable": "unstable"
      }
    },
    "site": {
      "inputs": {
        "nixpkgs": "nixpkgs_4",
        "orator": "orator",
        "utils": "utils_5"
      },
      "locked": {
        "lastModified": 1643801166,
        "narHash": "sha256-xPTURwY0gyN4lDO/i3psreM/8PbZS0rhxlUxPJgkcG0=",
        "owner": "tudurom",
        "repo": "site",
        "rev": "d87902342d345565e7e68b98da5ecb06cc255f89",
        "type": "github"
      },
      "original": {
        "owner": "tudurom",
        "repo": "site",
        "type": "github"
      }
    },
    "systems": {
      "locked": {
        "lastModified": 1681028828,
        "narHash": "sha256-Vy1rq5AaRuLzOxct8nz4T6wlgyUR7zLU309k9mBC768=",
        "owner": "nix-systems",
        "repo": "default",
        "rev": "da67096a3b9bf56a91d16901293e51ba5b49a27e",
        "type": "github"
      },
      "original": {
        "owner": "nix-systems",
        "repo": "default",
        "type": "github"
      }
    },
    "unstable": {
      "locked": {
        "lastModified": 1685383865,
        "narHash": "sha256-3uQytfnotO6QJv3r04ajSXbEFMII0dUtw0uqYlZ4dbk=",
        "owner": "nixos",
        "repo": "nixpkgs",
        "rev": "5e871d8aa6f57cc8e0dc087d1c5013f6e212b4ce",
        "type": "github"
      },
      "original": {
        "owner": "nixos",
        "ref": "nixos-unstable",
        "repo": "nixpkgs",
        "type": "github"
      }
    },
    "utils": {
      "locked": {
        "lastModified": 1642700792,
        "narHash": "sha256-XqHrk7hFb+zBvRg6Ghl+AZDq03ov6OshJLiSWOoX5es=",
        "owner": "numtide",
        "repo": "flake-utils",
        "rev": "846b2ae0fc4cc943637d3d1def4454213e203cba",
        "type": "github"
      },
      "original": {
        "owner": "numtide",
        "repo": "flake-utils",
        "type": "github"
      }
    },
    "utils_2": {
      "locked": {
        "lastModified": 1644229661,
        "narHash": "sha256-1YdnJAsNy69bpcjuoKdOYQX0YxZBiCYZo4Twxerqv7k=",
        "owner": "numtide",
        "repo": "flake-utils",
        "rev": "3cecb5b042f7f209c56ffd8371b2711a290ec797",
        "type": "github"
      },
      "original": {
        "owner": "numtide",
        "repo": "flake-utils",
        "type": "github"
      }
    },
    "utils_3": {
      "locked": {
        "lastModified": 1667395993,
        "narHash": "sha256-nuEHfE/LcWyuSWnS8t12N1wc105Qtau+/OdUAjtQ0rA=",
        "owner": "numtide",
        "repo": "flake-utils",
        "rev": "5aed5285a952e0b949eb3ba02c12fa4fcfef535f",
        "type": "github"
      },
      "original": {
        "owner": "numtide",
        "repo": "flake-utils",
        "type": "github"
      }
    },
    "utils_4": {
      "locked": {
        "lastModified": 1642700792,
        "narHash": "sha256-XqHrk7hFb+zBvRg6Ghl+AZDq03ov6OshJLiSWOoX5es=",
        "owner": "numtide",
        "repo": "flake-utils",
        "rev": "846b2ae0fc4cc943637d3d1def4454213e203cba",
        "type": "github"
      },
      "original": {
        "owner": "numtide",
        "repo": "flake-utils",
        "type": "github"
      }
    },
    "utils_5": {
      "locked": {
        "lastModified": 1642700792,
        "narHash": "sha256-XqHrk7hFb+zBvRg6Ghl+AZDq03ov6OshJLiSWOoX5es=",
        "owner": "numtide",
        "repo": "flake-utils",
        "rev": "846b2ae0fc4cc943637d3d1def4454213e203cba",
        "type": "github"
      },
      "original": {
        "owner": "numtide",
        "repo": "flake-utils",
        "type": "github"
      }
    }
  },
  "root": "root",
  "version": 7
}
